
Microsoft Visual Studio Solution File, Format Version 12.00
# Visual Studio 2012
Project("{FAE04EC0-301F-11D3-BF4B-00C04F79EFBC}") = "PuppetMaster", "..\PuppetMaster\PuppetMaster\PuppetMaster.csproj", "{19166326-1458-4008-9C15-DF230AC19EB1}"
EndProject
Project("{FAE04EC0-301F-11D3-BF4B-00C04F79EFBC}") = "DADStormProcess", "..\Process\Process\DADStormProcess.csproj", "{D28DE0B3-FFD7-4E07-98F3-F1AB80DCB538}"
EndProject
Project("{FAE04EC0-301F-11D3-BF4B-00C04F79EFBC}") = "Daemon", "..\Daemon\Daemon\Daemon.csproj", "{4BB850A8-7C99-4127-9855-85AB485F6C61}"
EndProject
Project("{FAE04EC0-301F-11D3-BF4B-00C04F79EFBC}") = "CommonTypes", "..\CommonTypes\CommonTypes\CommonTypes.csproj", "{74E6BA6A-1709-4A70-AB97-6492C3EEEB1C}"
EndProject
Global
	GlobalSection(SolutionConfigurationPlatforms) = preSolution
		Debug|Any CPU = Debug|Any CPU
		Release|Any CPU = Release|Any CPU
	EndGlobalSection
	GlobalSection(ProjectConfigurationPlatforms) = postSolution
		{19166326-1458-4008-9C15-DF230AC19EB1}.Debug|Any CPU.ActiveCfg = Debug|Any CPU
		{19166326-1458-4008-9C15-DF230AC19EB1}.Debug|Any CPU.Build.0 = Debug|Any CPU
		{19166326-1458-4008-9C15-DF230AC19EB1}.Release|Any CPU.ActiveCfg = Release|Any CPU
		{19166326-1458-4008-9C15-DF230AC19EB1}.Release|Any CPU.Build.0 = Release|Any CPU
		{4BB850A8-7C99-4127-9855-85AB485F6C61}.Debug|Any CPU.ActiveCfg = Debug|Any CPU
		{4BB850A8-7C99-4127-9855-85AB485F6C61}.Debug|Any CPU.Build.0 = Debug|Any CPU
		{4BB850A8-7C99-4127-9855-85AB485F6C61}.Release|Any CPU.ActiveCfg = Release|Any CPU
		{4BB850A8-7C99-4127-9855-85AB485F6C61}.Release|Any CPU.Build.0 = Release|Any CPU
		{74E6BA6A-1709-4A70-AB97-6492C3EEEB1C}.Debug|Any CPU.ActiveCfg = Debug|Any CPU
		{74E6BA6A-1709-4A70-AB97-6492C3EEEB1C}.Debug|Any CPU.Build.0 = Debug|Any CPU
		{74E6BA6A-1709-4A70-AB97-6492C3EEEB1C}.Release|Any CPU.ActiveCfg = Release|Any CPU
		{74E6BA6A-1709-4A70-AB97-6492C3EEEB1C}.Release|Any CPU.Build.0 = Release|Any CPU
		{D28DE0B3-FFD7-4E07-98F3-F1AB80DCB538}.Debug|Any CPU.ActiveCfg = Debug|Any CPU
		{D28DE0B3-FFD7-4E07-98F3-F1AB80DCB538}.Debug|Any CPU.Build.0 = Debug|Any CPU
		{D28DE0B3-FFD7-4E07-98F3-F1AB80DCB538}.Release|Any CPU.ActiveCfg = Release|Any CPU
		{D28DE0B3-FFD7-4E07-98F3-F1AB80DCB538}.Release|Any CPU.Build.0 = Release|Any CPU
	EndGlobalSection
EndGlobal
